{
  "version": 1,
  "dependencies": {
    "net8.0": {
      "Endjin.RecommendedPractices.GitHub": {
        "type": "Direct",
        "requested": "[2.1.13, )",
        "resolved": "2.1.13",
        "contentHash": "ZefZtlE4NE4ajKMzUtdeb9+SSWv95gutAykQmTEuj2Ln13/1etgxha9QFhrALHr+ewvUH7M3X1qh9HBmWMLRFg==",
        "dependencies": {
          "Endjin.RecommendedPractices": "2.1.13",
          "Microsoft.SourceLink.GitHub": "1.1.1"
        }
      },
      "Microsoft.Kiota.Abstractions": {
        "type": "Direct",
        "requested": "[1.13.1, )",
        "resolved": "1.13.1",
        "contentHash": "RJWCkL+tmDjbOO9AHh1gCd34uVm2Zmz9h1q3pJgJL9u4jePeX+Wgx2moOOxtdINRfb0efKiSCvgkwLnUrXm7Gw==",
        "dependencies": {
          "Std.UriTemplate": "2.0.0"
        }
      },
      "Microsoft.Kiota.Http.HttpClientLibrary": {
        "type": "Direct",
        "requested": "[1.12.4, )",
        "resolved": "1.12.4",
        "contentHash": "X0PFcNG2tUJzDccPPwIy8/jq+LuH/7ApyOg8+frblmWIHE4TCLRfWvW2w7wK55sXXH92iDmYLaubWAE0w+J2Gg==",
        "dependencies": {
          "Microsoft.Kiota.Abstractions": "1.12.4"
        }
      },
      "Microsoft.Kiota.Serialization.Form": {
        "type": "Direct",
        "requested": "[1.12.4, )",
        "resolved": "1.12.4",
        "contentHash": "lByjqLMw3h0SHuLREeunmJCIhfC050cRNwIlb980gAujHx7lDnEC3rxchNb/dtlnewWFKT4sHdsysE5Dmh4mAQ==",
        "dependencies": {
          "Microsoft.Kiota.Abstractions": "1.12.4"
        }
      },
      "Microsoft.Kiota.Serialization.Json": {
        "type": "Direct",
        "requested": "[1.12.4, )",
        "resolved": "1.12.4",
        "contentHash": "xclx4GUj8ynaMpH3ST+3xDYRGdi+coQPtYAS2nIShcF79o9FUQZI0uOGEUQNBBYOtNMtg5tO65A86wWZaH/LUA==",
        "dependencies": {
          "Microsoft.Kiota.Abstractions": "1.12.4"
        }
      },
      "Microsoft.Kiota.Serialization.Multipart": {
        "type": "Direct",
        "requested": "[1.12.4, )",
        "resolved": "1.12.4",
        "contentHash": "Mbnt45XYCa2Blcx3e+UunHZHHuptwDnRUkVbtUPTJ6W0x2lD+xhPyBmCBhm1UPchbesV4Iefpy2cz13AepexfQ==",
        "dependencies": {
          "Microsoft.Kiota.Abstractions": "1.12.4"
        }
      },
      "Microsoft.Kiota.Serialization.Text": {
        "type": "Direct",
        "requested": "[1.13.1, )",
        "resolved": "1.13.1",
        "contentHash": "UF3/mZFC7HqEcMUOXJwiACkykgWxhrs0m9a4u4/YnlbK14h1keoOJIRXMguAce6jOlLA4VgveNGjxSWYQ5pHzA==",
        "dependencies": {
          "Microsoft.Kiota.Abstractions": "1.13.1"
        }
      },
      "Endjin.RecommendedPractices": {
        "type": "Transitive",
        "resolved": "2.1.13",
        "contentHash": "ZXMVKFaBJYaAfRKS/Uv8kUANDsEj2L9H5L4XVXyZULI0UANqZ/ROVTpOqulkukf3UFc/jnnVG2EfByynTiztDg==",
        "dependencies": {
          "Microsoft.Build.Tasks.Git": "1.1.1"
        }
      },
      "Microsoft.Build.Tasks.Git": {
        "type": "Transitive",
        "resolved": "1.1.1",
        "contentHash": "AT3HlgTjsqHnWpBHSNeR0KxbLZD7bztlZVj7I8vgeYG9SYqbeFGh0TM/KVtC6fg53nrWHl3VfZFvb5BiQFcY6Q=="
      },
      "Microsoft.SourceLink.Common": {
        "type": "Transitive",
        "resolved": "1.1.1",
        "contentHash": "WMcGpWKrmJmzrNeuaEb23bEMnbtR/vLmvZtkAP5qWu7vQsY59GqfRJd65sFpBszbd2k/bQ8cs8eWawQKAabkVg=="
      },
      "Microsoft.SourceLink.GitHub": {
        "type": "Transitive",
        "resolved": "1.1.1",
        "contentHash": "IaJGnOv/M7UQjRJks7B6p7pbPnOwisYGOIzqCz5ilGFTApZ3ktOR+6zJ12ZRPInulBmdAf1SrGdDG2MU8g6XTw==",
        "dependencies": {
          "Microsoft.Build.Tasks.Git": "1.1.1",
          "Microsoft.SourceLink.Common": "1.1.1"
        }
      },
      "Std.UriTemplate": {
        "type": "Transitive",
        "resolved": "2.0.0",
        "contentHash": "GNBep1IBAGlVG3TUs1ZZ+1H9jgsw1ojBF6u34o8hpZC/YSTJCzCu4uYGU76a8SvhC8Q8baGqnmwJjHdxsVSUyg=="
      }
    }
  }
}