{
  "version": 1,
  "dependencies": {
    "net8.0": {
      "Endjin.RecommendedPractices.GitHub": {
        "type": "Direct",
        "requested": "[2.1.13, )",
        "resolved": "2.1.13",
        "contentHash": "ZefZtlE4NE4ajKMzUtdeb9+SSWv95gutAykQmTEuj2Ln13/1etgxha9QFhrALHr+ewvUH7M3X1qh9HBmWMLRFg==",
        "dependencies": {
          "Endjin.RecommendedPractices": "2.1.13",
          "Microsoft.SourceLink.GitHub": "1.1.1"
        }
      },
      "Microsoft.Kiota.Abstractions": {
        "type": "Direct",
        "requested": "[1.12.4, )",
        "resolved": "1.12.4",
        "contentHash": "QdejmTJHJpX8TQOdPyvy72ztf6zGBs8fHFyKC+/N++GbLeLIHa96yI6WcHM0Nndfr+27MmCZI2taJuubL4VekQ==",
        "dependencies": {
          "Std.UriTemplate": "1.0.6"
        }
      },
      "Microsoft.Kiota.Http.HttpClientLibrary": {
        "type": "Direct",
        "requested": "[1.12.4, )",
        "resolved": "1.12.4",
        "contentHash": "X0PFcNG2tUJzDccPPwIy8/jq+LuH/7ApyOg8+frblmWIHE4TCLRfWvW2w7wK55sXXH92iDmYLaubWAE0w+J2Gg==",
        "dependencies": {
          "Microsoft.Kiota.Abstractions": "1.12.4"
        }
      },
      "Microsoft.Kiota.Serialization.Form": {
        "type": "Direct",
        "requested": "[1.12.4, )",
        "resolved": "1.12.4",
        "contentHash": "lByjqLMw3h0SHuLREeunmJCIhfC050cRNwIlb980gAujHx7lDnEC3rxchNb/dtlnewWFKT4sHdsysE5Dmh4mAQ==",
        "dependencies": {
          "Microsoft.Kiota.Abstractions": "1.12.4"
        }
      },
      "Microsoft.Kiota.Serialization.Json": {
        "type": "Direct",
        "requested": "[1.12.4, )",
        "resolved": "1.12.4",
        "contentHash": "xclx4GUj8ynaMpH3ST+3xDYRGdi+coQPtYAS2nIShcF79o9FUQZI0uOGEUQNBBYOtNMtg5tO65A86wWZaH/LUA==",
        "dependencies": {
          "Microsoft.Kiota.Abstractions": "1.12.4"
        }
      },
      "Microsoft.Kiota.Serialization.Multipart": {
        "type": "Direct",
        "requested": "[1.12.4, )",
        "resolved": "1.12.4",
        "contentHash": "Mbnt45XYCa2Blcx3e+UunHZHHuptwDnRUkVbtUPTJ6W0x2lD+xhPyBmCBhm1UPchbesV4Iefpy2cz13AepexfQ==",
        "dependencies": {
          "Microsoft.Kiota.Abstractions": "1.12.4"
        }
      },
      "Microsoft.Kiota.Serialization.Text": {
        "type": "Direct",
        "requested": "[1.12.4, )",
        "resolved": "1.12.4",
        "contentHash": "EASWKqG7eLMS2giyCxulkO27BVp0UiObsISTapGaRy8tihAdmTL2fJEky7jzLFdEqGiz8WUo7eiZB1mjjHCgMA==",
        "dependencies": {
          "Microsoft.Kiota.Abstractions": "1.12.4"
        }
      },
      "Roslynator.Analyzers": {
        "type": "Direct",
        "requested": "[4.12.4, )",
        "resolved": "4.12.4",
        "contentHash": "isl8hAh7yFNjyBEC4YlTSi+xGBblqBUC/2MCMmnBPwuXPewb7XYnMRzT3vXbP/gOGwT8hZUOy1g/aRH3lAF/NQ=="
      },
      "StyleCop.Analyzers": {
        "type": "Direct",
        "requested": "[1.2.0-beta.556, )",
        "resolved": "1.2.0-beta.556",
        "contentHash": "llRPgmA1fhC0I0QyFLEcjvtM2239QzKr/tcnbsjArLMJxJlu0AA5G7Fft0OI30pHF3MW63Gf4aSSsjc5m82J1Q==",
        "dependencies": {
          "StyleCop.Analyzers.Unstable": "1.2.0.556"
        }
      },
      "Endjin.RecommendedPractices": {
        "type": "Transitive",
        "resolved": "2.1.13",
        "contentHash": "ZXMVKFaBJYaAfRKS/Uv8kUANDsEj2L9H5L4XVXyZULI0UANqZ/ROVTpOqulkukf3UFc/jnnVG2EfByynTiztDg==",
        "dependencies": {
          "Microsoft.Build.Tasks.Git": "1.1.1"
        }
      },
      "Microsoft.Build.Tasks.Git": {
        "type": "Transitive",
        "resolved": "1.1.1",
        "contentHash": "AT3HlgTjsqHnWpBHSNeR0KxbLZD7bztlZVj7I8vgeYG9SYqbeFGh0TM/KVtC6fg53nrWHl3VfZFvb5BiQFcY6Q=="
      },
      "Microsoft.SourceLink.Common": {
        "type": "Transitive",
        "resolved": "1.1.1",
        "contentHash": "WMcGpWKrmJmzrNeuaEb23bEMnbtR/vLmvZtkAP5qWu7vQsY59GqfRJd65sFpBszbd2k/bQ8cs8eWawQKAabkVg=="
      },
      "Microsoft.SourceLink.GitHub": {
        "type": "Transitive",
        "resolved": "1.1.1",
        "contentHash": "IaJGnOv/M7UQjRJks7B6p7pbPnOwisYGOIzqCz5ilGFTApZ3ktOR+6zJ12ZRPInulBmdAf1SrGdDG2MU8g6XTw==",
        "dependencies": {
          "Microsoft.Build.Tasks.Git": "1.1.1",
          "Microsoft.SourceLink.Common": "1.1.1"
        }
      },
      "Std.UriTemplate": {
        "type": "Transitive",
        "resolved": "1.0.6",
        "contentHash": "+vHQKLW8wYglpDn1IGVvZh90xQXkD4W2xNtksgeoiZn2IoBt+gW8A9OFAjHf97DlC8P/0/1IuH8QZO91MhZ6OA=="
      },
      "StyleCop.Analyzers.Unstable": {
        "type": "Transitive",
        "resolved": "1.2.0.556",
        "contentHash": "zvn9Mqs/ox/83cpYPignI8hJEM2A93s2HkHs8HYMOAQW0PkampyoErAiIyKxgTLqbbad29HX/shv/6LGSjPJNQ=="
      }
    }
  }
}