{
  "version": 1,
  "dependencies": {
    "net8.0": {
      "Endjin.RecommendedPractices.GitHub": {
        "type": "Direct",
        "requested": "[2.1.13, )",
        "resolved": "2.1.13",
        "contentHash": "ZefZtlE4NE4ajKMzUtdeb9+SSWv95gutAykQmTEuj2Ln13/1etgxha9QFhrALHr+ewvUH7M3X1qh9HBmWMLRFg==",
        "dependencies": {
          "Endjin.RecommendedPractices": "2.1.13",
          "Microsoft.SourceLink.GitHub": "1.1.1"
        }
      },
      "Microsoft.Kiota.Abstractions": {
        "type": "Direct",
        "requested": "[1.11.1, )",
        "resolved": "1.11.1",
        "contentHash": "0pgYwLgsptoUjsRA9IQ8y72nFS9nAI+5qh9UoBmttKTH49xhd6A/J1f0C/f28PYk0UFAfJ+wUCctVJXEZyXXvg==",
        "dependencies": {
          "Std.UriTemplate": "1.0.5"
        }
      },
      "Microsoft.Kiota.Http.HttpClientLibrary": {
        "type": "Direct",
        "requested": "[1.11.1, )",
        "resolved": "1.11.1",
        "contentHash": "KBAx1KGHiRaMcqwQRD7wKCvjMoI/e142W7uXNdVeC50CjKMegu8GfrYvud7R5+nVQyYlg1HQfLAWV2oXT203oQ==",
        "dependencies": {
          "Microsoft.Kiota.Abstractions": "1.11.1"
        }
      },
      "Microsoft.Kiota.Serialization.Form": {
        "type": "Direct",
        "requested": "[1.11.1, )",
        "resolved": "1.11.1",
        "contentHash": "Tu+X6h3A51i58tkVIp7p4uIDQH1RmDrvFtW9XoaHBFr2hB2IFjx0vQpZxV24v1SR8mtq86+6rT1EcRQ9ivkI8A==",
        "dependencies": {
          "Microsoft.Kiota.Abstractions": "1.11.1"
        }
      },
      "Microsoft.Kiota.Serialization.Json": {
        "type": "Direct",
        "requested": "[1.11.1, )",
        "resolved": "1.11.1",
        "contentHash": "mP50zO0OhLywYbqPVEGvLEH5hemcEKy11ZYZc3tqVaj8f4OZu+TYiJw3PriW3FEV0Xt8rVBA3z2IvwJ8IJOT0w==",
        "dependencies": {
          "Microsoft.Kiota.Abstractions": "1.11.1"
        }
      },
      "Microsoft.Kiota.Serialization.Multipart": {
        "type": "Direct",
        "requested": "[1.11.1, )",
        "resolved": "1.11.1",
        "contentHash": "BUVx1zNPDlZcaBx+QPMGwjJzyS4jKsoLm2qTU5qDuCpuLX5GA0BzAyQl2PlMI/ozggF35wS8l8Ks82uCM7QH/Q==",
        "dependencies": {
          "Microsoft.Kiota.Abstractions": "1.11.1"
        }
      },
      "Microsoft.Kiota.Serialization.Text": {
        "type": "Direct",
        "requested": "[1.11.1, )",
        "resolved": "1.11.1",
        "contentHash": "0aWsuZTMOe+7Yu4XfYLI8qtT2atHuxb7R3CmPbdm0Ok/PFR1VTLfLo5vRm59vuaGmT19oEPoxsejXLC+yp1uiQ==",
        "dependencies": {
          "Microsoft.Kiota.Abstractions": "1.11.1"
        }
      },
      "Roslynator.Analyzers": {
        "type": "Direct",
        "requested": "[4.12.4, )",
        "resolved": "4.12.4",
        "contentHash": "isl8hAh7yFNjyBEC4YlTSi+xGBblqBUC/2MCMmnBPwuXPewb7XYnMRzT3vXbP/gOGwT8hZUOy1g/aRH3lAF/NQ=="
      },
      "StyleCop.Analyzers": {
        "type": "Direct",
        "requested": "[1.2.0-beta.556, )",
        "resolved": "1.2.0-beta.556",
        "contentHash": "llRPgmA1fhC0I0QyFLEcjvtM2239QzKr/tcnbsjArLMJxJlu0AA5G7Fft0OI30pHF3MW63Gf4aSSsjc5m82J1Q==",
        "dependencies": {
          "StyleCop.Analyzers.Unstable": "1.2.0.556"
        }
      },
      "Endjin.RecommendedPractices": {
        "type": "Transitive",
        "resolved": "2.1.13",
        "contentHash": "ZXMVKFaBJYaAfRKS/Uv8kUANDsEj2L9H5L4XVXyZULI0UANqZ/ROVTpOqulkukf3UFc/jnnVG2EfByynTiztDg==",
        "dependencies": {
          "Microsoft.Build.Tasks.Git": "1.1.1"
        }
      },
      "Microsoft.Build.Tasks.Git": {
        "type": "Transitive",
        "resolved": "1.1.1",
        "contentHash": "AT3HlgTjsqHnWpBHSNeR0KxbLZD7bztlZVj7I8vgeYG9SYqbeFGh0TM/KVtC6fg53nrWHl3VfZFvb5BiQFcY6Q=="
      },
      "Microsoft.SourceLink.Common": {
        "type": "Transitive",
        "resolved": "1.1.1",
        "contentHash": "WMcGpWKrmJmzrNeuaEb23bEMnbtR/vLmvZtkAP5qWu7vQsY59GqfRJd65sFpBszbd2k/bQ8cs8eWawQKAabkVg=="
      },
      "Microsoft.SourceLink.GitHub": {
        "type": "Transitive",
        "resolved": "1.1.1",
        "contentHash": "IaJGnOv/M7UQjRJks7B6p7pbPnOwisYGOIzqCz5ilGFTApZ3ktOR+6zJ12ZRPInulBmdAf1SrGdDG2MU8g6XTw==",
        "dependencies": {
          "Microsoft.Build.Tasks.Git": "1.1.1",
          "Microsoft.SourceLink.Common": "1.1.1"
        }
      },
      "Std.UriTemplate": {
        "type": "Transitive",
        "resolved": "1.0.5",
        "contentHash": "ry++apw4RKBw/9N8TQxnTTQYf/lgGGdn9+mq7AUMf860qD8STssQRe5tRX0NO99rGwpSRZzHO7u6ebQ/wahSNw=="
      },
      "StyleCop.Analyzers.Unstable": {
        "type": "Transitive",
        "resolved": "1.2.0.556",
        "contentHash": "zvn9Mqs/ox/83cpYPignI8hJEM2A93s2HkHs8HYMOAQW0PkampyoErAiIyKxgTLqbbad29HX/shv/6LGSjPJNQ=="
      }
    }
  }
}